
Microsoft Visual Studio Solution File, Format Version 12.00
# Visual Studio Version 17
VisualStudioVersion = 17.14.36623.8 d17.14
MinimumVisualStudioVersion = 10.0.40219.1
Project("{FAE04EC0-301F-11D3-BF4B-00C04F79EFBC}") = "SalisburyUniversity", "SalisburyUniversity.csproj", "{5E2DDFFF-C6AE-49A7-AEBA-D8B164F5D45F}"
EndProject
Global
	GlobalSection(SolutionConfigurationPlatforms) = preSolution
		Debug|Any CPU = Debug|Any CPU
		Release|Any CPU = Release|Any CPU
	EndGlobalSection
	GlobalSection(ProjectConfigurationPlatforms) = postSolution
		{5E2DDFFF-C6AE-49A7-AEBA-D8B164F5D45F}.Debug|Any CPU.ActiveCfg = Debug|Any CPU
		{5E2DDFFF-C6AE-49A7-AEBA-D8B164F5D45F}.Debug|Any CPU.Build.0 = Debug|Any CPU
		{5E2DDFFF-C6AE-49A7-AEBA-D8B164F5D45F}.Release|Any CPU.ActiveCfg = Release|Any CPU
		{5E2DDFFF-C6AE-49A7-AEBA-D8B164F5D45F}.Release|Any CPU.Build.0 = Release|Any CPU
	EndGlobalSection
	GlobalSection(SolutionProperties) = preSolution
		HideSolutionNode = FALSE
	EndGlobalSection
	GlobalSection(ExtensibilityGlobals) = postSolution
		SolutionGuid = {2BB3555F-7F52-43EF-BBD2-6282E3D0D981}
	EndGlobalSection
EndGlobal
